Microsoft Visual Studio Solution File, Format Version 11.00
# Visual Studio 2008

Project("{E2AF2077-EE39-3A78-820A-03FBC77B8664}") = "r00_aleung-c", "Assembly-CSharp.csproj", "{01010D5E-6004-72E4-1156-4BD4C12E55FF}"
EndProject
Project("{E2AF2077-EE39-3A78-820A-03FBC77B8664}") = "r00_aleung-c", "Assembly-CSharp-Editor.csproj", "{C6A58290-AD6A-458F-A2C3-07B91DA25277}"
EndProject
Global
	GlobalSection(SolutionConfigurationPlatforms) = preSolution
		Debug|Any CPU = Debug|Any CPU
		Release|Any CPU = Release|Any CPU
	EndGlobalSection
	GlobalSection(ProjectConfigurationPlatforms) = postSolution
		{01010D5E-6004-72E4-1156-4BD4C12E55FF}.Debug|Any CPU.ActiveCfg = Debug|Any CPU
		{01010D5E-6004-72E4-1156-4BD4C12E55FF}.Debug|Any CPU.Build.0 = Debug|Any CPU
		{01010D5E-6004-72E4-1156-4BD4C12E55FF}.Release|Any CPU.ActiveCfg = Release|Any CPU
		{01010D5E-6004-72E4-1156-4BD4C12E55FF}.Release|Any CPU.Build.0 = Release|Any CPU
		{C6A58290-AD6A-458F-A2C3-07B91DA25277}.Debug|Any CPU.ActiveCfg = Debug|Any CPU
		{C6A58290-AD6A-458F-A2C3-07B91DA25277}.Debug|Any CPU.Build.0 = Debug|Any CPU
		{C6A58290-AD6A-458F-A2C3-07B91DA25277}.Release|Any CPU.ActiveCfg = Release|Any CPU
		{C6A58290-AD6A-458F-A2C3-07B91DA25277}.Release|Any CPU.Build.0 = Release|Any CPU
	EndGlobalSection
	GlobalSection(SolutionProperties) = preSolution
		HideSolutionNode = FALSE
	EndGlobalSection
												GlobalSection(MonoDevelopProperties) = preSolution
		StartupItem = Assembly-CSharp.csproj
		Policies = $0
		$0.TextStylePolicy = $1
		$1.inheritsSet = null
		$1.scope = text/x-csharp
		$0.CSharpFormattingPolicy = $2
		$2.inheritsSet = Mono
		$2.inheritsScope = text/x-csharp
		$2.scope = text/x-csharp
		$0.TextStylePolicy = $3
		$3.FileWidth = 120
		$3.TabWidth = 4
		$3.IndentWidth = 4
		$3.EolMarker = Unix
		$3.inheritsSet = Mono
		$3.inheritsScope = text/plain
		$3.scope = text/plain
	EndGlobalSection

EndGlobal
